
Microsoft Visual Studio Solution File, Format Version 12.00
# Visual Studio Version 17
VisualStudioVersion = 17.0.31919.166
MinimumVisualStudioVersion = 10.0.40219.1
Project("{FAE04EC0-301F-11D3-BF4B-00C04F79EFBC}") = "FinalProject", "FinalProject\FinalProject.csproj", "{0705ADBD-5C31-4AF0-83DD-D0F81FB6B0B5}"
EndProject
Project("{FAE04EC0-301F-11D3-BF4B-00C04F79EFBC}") = "CsvImporter", "CsvImporter\CsvImporter.csproj", "{02728F85-1890-413A-8E24-6C35ED9C3E48}"
EndProject
Project("{FAE04EC0-301F-11D3-BF4B-00C04F79EFBC}") = "PercistanceLayer", "PercistanceLayer\PercistanceLayer.csproj", "{C5171A7E-330B-48D0-891A-CFB179337E34}"
EndProject
Project("{FAE04EC0-301F-11D3-BF4B-00C04F79EFBC}") = "DomainLayer", "DomainLayer\DomainLayer.csproj", "{A695C693-5BAE-494C-8E13-262F69831919}"
EndProject
Project("{FAE04EC0-301F-11D3-BF4B-00C04F79EFBC}") = "MYrazorPages", "MYrazorPages\MYrazorPages.csproj", "{96A6CCDD-7971-4097-B2F0-6442FF36B61A}"
EndProject
Global
	GlobalSection(SolutionConfigurationPlatforms) = preSolution
		Debug|Any CPU = Debug|Any CPU
		Release|Any CPU = Release|Any CPU
	EndGlobalSection
	GlobalSection(ProjectConfigurationPlatforms) = postSolution
		{0705ADBD-5C31-4AF0-83DD-D0F81FB6B0B5}.Debug|Any CPU.ActiveCfg = Debug|Any CPU
		{0705ADBD-5C31-4AF0-83DD-D0F81FB6B0B5}.Debug|Any CPU.Build.0 = Debug|Any CPU
		{0705ADBD-5C31-4AF0-83DD-D0F81FB6B0B5}.Release|Any CPU.ActiveCfg = Release|Any CPU
		{0705ADBD-5C31-4AF0-83DD-D0F81FB6B0B5}.Release|Any CPU.Build.0 = Release|Any CPU
		{02728F85-1890-413A-8E24-6C35ED9C3E48}.Debug|Any CPU.ActiveCfg = Debug|Any CPU
		{02728F85-1890-413A-8E24-6C35ED9C3E48}.Debug|Any CPU.Build.0 = Debug|Any CPU
		{02728F85-1890-413A-8E24-6C35ED9C3E48}.Release|Any CPU.ActiveCfg = Release|Any CPU
		{02728F85-1890-413A-8E24-6C35ED9C3E48}.Release|Any CPU.Build.0 = Release|Any CPU
		{C5171A7E-330B-48D0-891A-CFB179337E34}.Debug|Any CPU.ActiveCfg = Debug|Any CPU
		{C5171A7E-330B-48D0-891A-CFB179337E34}.Debug|Any CPU.Build.0 = Debug|Any CPU
		{C5171A7E-330B-48D0-891A-CFB179337E34}.Release|Any CPU.ActiveCfg = Release|Any CPU
		{C5171A7E-330B-48D0-891A-CFB179337E34}.Release|Any CPU.Build.0 = Release|Any CPU
		{A695C693-5BAE-494C-8E13-262F69831919}.Debug|Any CPU.ActiveCfg = Debug|Any CPU
		{A695C693-5BAE-494C-8E13-262F69831919}.Debug|Any CPU.Build.0 = Debug|Any CPU
		{A695C693-5BAE-494C-8E13-262F69831919}.Release|Any CPU.ActiveCfg = Release|Any CPU
		{A695C693-5BAE-494C-8E13-262F69831919}.Release|Any CPU.Build.0 = Release|Any CPU
		{96A6CCDD-7971-4097-B2F0-6442FF36B61A}.Debug|Any CPU.ActiveCfg = Debug|Any CPU
		{96A6CCDD-7971-4097-B2F0-6442FF36B61A}.Debug|Any CPU.Build.0 = Debug|Any CPU
		{96A6CCDD-7971-4097-B2F0-6442FF36B61A}.Release|Any CPU.ActiveCfg = Release|Any CPU
		{96A6CCDD-7971-4097-B2F0-6442FF36B61A}.Release|Any CPU.Build.0 = Release|Any CPU
	EndGlobalSection
	GlobalSection(SolutionProperties) = preSolution
		HideSolutionNode = FALSE
	EndGlobalSection
	GlobalSection(ExtensibilityGlobals) = postSolution
		SolutionGuid = {5A6B9E34-4177-4BAF-AC20-8F9B4505A545}
	EndGlobalSection
EndGlobal
